# Generated by move; do not edit
# This file should be checked in.

[move]
version = 4

[pinned.testnet.MoveStdlib]
source = { git = "https://github.com/MystenLabs/sui.git", subdir = 'crates\sui-framework\packages\move-stdlib', rev = "b979a730b73afb8e5f9a9672fa7b09afbff6479b" }
use_environment = "testnet"
manifest_digest = "C4FE4C91DE74CBF223B2E380AE40F592177D21870DC2D7EB6227D2D694E05363"
deps = {}

[pinned.testnet.MoveStdlib_1]
source = { git = "https://github.com/MystenLabs/sui.git", subdir = 'crates\sui-framework\packages\move-stdlib', rev = "bafd093c8ab75e4dd16d1e574bb808d7fcd1a4e2" }
use_environment = "testnet"
manifest_digest = "C4FE4C91DE74CBF223B2E380AE40F592177D21870DC2D7EB6227D2D694E05363"
deps = {}

[pinned.testnet.Sui]
source = { git = "https://github.com/MystenLabs/sui.git", subdir = 'crates\sui-framework\packages\sui-framework', rev = "b979a730b73afb8e5f9a9672fa7b09afbff6479b" }
use_environment = "testnet"
manifest_digest = "7AFB66695545775FBFBB2D3078ADFD084244D5002392E837FDE21D9EA1C6D01C"
deps = { MoveStdlib = "MoveStdlib" }

[pinned.testnet.Sui_1]
source = { git = "https://github.com/MystenLabs/sui.git", subdir = 'crates\sui-framework\packages\sui-framework', rev = "bafd093c8ab75e4dd16d1e574bb808d7fcd1a4e2" }
use_environment = "testnet"
manifest_digest = "7AFB66695545775FBFBB2D3078ADFD084244D5002392E837FDE21D9EA1C6D01C"
deps = { MoveStdlib = "MoveStdlib_1" }

[pinned.testnet.SupraOracle]
source = { git = "https://github.com/Entropy-Foundation/dora-interface", subdir = 'sui\testnet\supra_holder', rev = "fb111265584b17bbc4de47facbdb7b269d896da2" }
use_environment = "testnet"
manifest_digest = "9299887B23FC500F7565B3800270DF5B6049FC10A92F01FABADB11014381FB22"
deps = { Sui = "Sui_1", supra_validator = "supra_validator" }

[pinned.testnet.suipredict]
source = { root = true }
use_environment = "testnet"
manifest_digest = "BEF117BB6CD531747748597BB7A01BCD198D20A15448D399B447956D55D71A87"
deps = { SupraOracle = "SupraOracle", std = "MoveStdlib", sui = "Sui" }

[pinned.testnet.supra_utils]
source = { git = "https://github.com/Entropy-Foundation/dora-interface", subdir = 'sui\testnet\supra_utils', rev = "fb111265584b17bbc4de47facbdb7b269d896da2" }
use_environment = "testnet"
manifest_digest = "F84AF24ACE8E28B7DB145E49E4DDA67983EC475D4B4CDFC7DE01539421C740BC"
deps = { Sui = "Sui_1" }

[pinned.testnet.supra_validator]
source = { git = "https://github.com/Entropy-Foundation/dora-interface", subdir = 'sui\testnet\supra_validator', rev = "fb111265584b17bbc4de47facbdb7b269d896da2" }
use_environment = "testnet"
manifest_digest = "FFAB50C558A0FE05BA31F09318FF73D568711DCBF566257E3EB9FC1DC2AF178E"
deps = { Sui = "Sui_1", supra_utils = "supra_utils" }
